
Microsoft Visual Studio Solution File, Format Version 12.00
# Visual Studio Version 16
VisualStudioVersion = 16.0.32106.194
MinimumVisualStudioVersion = 10.0.40219.1
Project("{FAE04EC0-301F-11D3-BF4B-00C04F79EFBC}") = "IOTEndToEnd", "IOTEndToEnd\IOTEndToEnd.csproj", "{D0D17F29-BB17-4766-9463-84F84D694AD8}"
EndProject
Global
	GlobalSection(SolutionConfigurationPlatforms) = preSolution
		Debug|Any CPU = Debug|Any CPU
		Release|Any CPU = Release|Any CPU
	EndGlobalSection
	GlobalSection(ProjectConfigurationPlatforms) = postSolution
		{D0D17F29-BB17-4766-9463-84F84D694AD8}.Debug|Any CPU.ActiveCfg = Debug|Any CPU
		{D0D17F29-BB17-4766-9463-84F84D694AD8}.Debug|Any CPU.Build.0 = Debug|Any CPU
		{D0D17F29-BB17-4766-9463-84F84D694AD8}.Release|Any CPU.ActiveCfg = Release|Any CPU
		{D0D17F29-BB17-4766-9463-84F84D694AD8}.Release|Any CPU.Build.0 = Release|Any CPU
	EndGlobalSection
	GlobalSection(SolutionProperties) = preSolution
		HideSolutionNode = FALSE
	EndGlobalSection
	GlobalSection(ExtensibilityGlobals) = postSolution
		SolutionGuid = {2BA1E4E8-7D61-414B-8A3F-C90DD2B8B78F}
	EndGlobalSection
EndGlobal
